// !$*UTF8*$!
{
	archiveVersion = 1;
	classes = {
	};
	objectVersion = 46;
	objects = {

/* Begin PBXBuildFile section */
		E2837CCA19178FD20021B0DB /* main.cpp in Sources */ = {isa = PBXBuildFile; fileRef = E2837CC919178FD20021B0DB /* main.cpp */; };
		E2837CCC19178FD20021B0DB /* Assignment_3.1 in CopyFiles */ = {isa = PBXBuildFile; fileRef = E2837CCB19178FD20021B0DB /* Assignment_3.1 */; };
/* End PBXBuildFile section */

/* Begin PBXCopyFilesBuildPhase section */
		E2837CC419178FD20021B0DB /* CopyFiles */ = {
			isa = PBXCopyFilesBuildPhase;
			buildActionMask = 2147483647;
			dstPath = /usr/share/man/man1/;
			dstSubfolderSpec = 0;
			files = (
				E2837CCC19178FD20021B0DB /* Assignment_3.1 in CopyFiles */,
			);
			runOnlyForDeploymentPostprocessing = 1;
		};
/* End PBXCopyFilesBuildPhase section */

/* Begin PBXFileReference section */
		E2837CC619178FD20021B0DB /* Assignment_3 */ = {isa = PBXFileReference; explicitFileType = "compiled.mach-o.executable"; includeInIndex = 0; path = Assignment_3; sourceTree = BUILT_PRODUCTS_DIR; };
		E2837CC919178FD20021B0DB /* main.cpp */ = {isa = PBXFileReference; lastKnownFileType = sourcecode.cpp.cpp; path = main.cpp; sourceTree = "<group>"; };
		E2837CCB19178FD20021B0DB /* Assignment_3.1 */ = {isa = PBXFileReference; lastKnownFileType = text.man; path = Assignment_3.1; sourceTree = "<group>"; };
		E2837CD61917937A0021B0DB /* CShape.h */ = {isa = PBXFileReference; fileEncoding = 4; lastKnownFileType = sourcecode.c.h; path = CShape.h; sourceTree = "<group>"; };
		E2837CD9191793AC0021B0DB /* CCircle.h */ = {isa = PBXFileReference; fileEncoding = 4; lastKnownFileType = sourcecode.c.h; path = CCircle.h; sourceTree = "<group>"; };
		E2837CDC191793C60021B0DB /* CEllipse.h */ = {isa = PBXFileReference; fileEncoding = 4; lastKnownFileType = sourcecode.c.h; path = CEllipse.h; sourceTree = "<group>"; };
		E2837CDF191793DD0021B0DB /* CRectangle.h */ = {isa = PBXFileReference; fileEncoding = 4; lastKnownFileType = sourcecode.c.h; path = CRectangle.h; sourceTree = "<group>"; };
		E2837CE2191793EE0021B0DB /* CTriangle.h */ = {isa = PBXFileReference; fileEncoding = 4; lastKnownFileType = sourcecode.c.h; path = CTriangle.h; sourceTree = "<group>"; };
		E2837CE81917CD930021B0DB /* CSquare.h */ = {isa = PBXFileReference; fileEncoding = 4; lastKnownFileType = sourcecode.c.h; path = CSquare.h; sourceTree = "<group>"; };
/* End PBXFileReference section */

/* Begin PBXFrameworksBuildPhase section */
		E2837CC319178FD20021B0DB /* Frameworks */ = {
			isa = PBXFrameworksBuildPhase;
			buildActionMask = 2147483647;
			files = (
			);
			runOnlyForDeploymentPostprocessing = 0;
		};
/* End PBXFrameworksBuildPhase section */

/* Begin PBXGroup section */
		E2837CBD19178FD20021B0DB = {
			isa = PBXGroup;
			children = (
				E2837CC819178FD20021B0DB /* Assignment_3 */,
				E2837CC719178FD20021B0DB /* Products */,
			);
			sourceTree = "<group>";
			usesTabs = 0;
		};
		E2837CC719178FD20021B0DB /* Products */ = {
			isa = PBXGroup;
			children = (
				E2837CC619178FD20021B0DB /* Assignment_3 */,
			);
			name = Products;
			sourceTree = "<group>";
		};
		E2837CC819178FD20021B0DB /* Assignment_3 */ = {
			isa = PBXGroup;
			children = (
				E2837CD61917937A0021B0DB /* CShape.h */,
				E2837CD9191793AC0021B0DB /* CCircle.h */,
				E2837CDC191793C60021B0DB /* CEllipse.h */,
				E2837CE81917CD930021B0DB /* CSquare.h */,
				E2837CDF191793DD0021B0DB /* CRectangle.h */,
				E2837CE2191793EE0021B0DB /* CTriangle.h */,
				E2837CC919178FD20021B0DB /* main.cpp */,
				E2837CCB19178FD20021B0DB /* Assignment_3.1 */,
			);
			path = Assignment_3;
			sourceTree = "<group>";
		};
/* End PBXGroup section */

/* Begin PBXNativeTarget section */
		E2837CC519178FD20021B0DB /* Assignment_3 */ = {
			isa = PBXNativeTarget;
			buildConfigurationList = E2837CCF19178FD20021B0DB /* Build configuration list for PBXNativeTarget "Assignment_3" */;
			buildPhases = (
				E2837CC219178FD20021B0DB /* Sources */,
				E2837CC319178FD20021B0DB /* Frameworks */,
				E2837CC419178FD20021B0DB /* CopyFiles */,
			);
			buildRules = (
			);
			dependencies = (
			);
			name = Assignment_3;
			productName = Assignment_3;
			productReference = E2837CC619178FD20021B0DB /* Assignment_3 */;
			productType = "com.apple.product-type.tool";
		};
/* End PBXNativeTarget section */

/* Begin PBXProject section */
		E2837CBE19178FD20021B0DB /* Project object */ = {
			isa = PBXProject;
			attributes = {
				LastUpgradeCheck = 0510;
				ORGANIZATIONNAME = fengxinhe;
			};
			buildConfigurationList = E2837CC119178FD20021B0DB /* Build configuration list for PBXProject "Assignment_3" */;
			compatibilityVersion = "Xcode 3.2";
			developmentRegion = English;
			hasScannedForEncodings = 0;
			knownRegions = (
				en,
			);
			mainGroup = E2837CBD19178FD20021B0DB;
			productRefGroup = E2837CC719178FD20021B0DB /* Products */;
			projectDirPath = "";
			projectRoot = "";
			targets = (
				E2837CC519178FD20021B0DB /* Assignment_3 */,
			);
		};
/* End PBXProject section */

/* Begin PBXSourcesBuildPhase section */
		E2837CC219178FD20021B0DB /* Sources */ = {
			isa = PBXSourcesBuildPhase;
			buildActionMask = 2147483647;
			files = (
				E2837CCA19178FD20021B0DB /* main.cpp in Sources */,
			);
			runOnlyForDeploymentPostprocessing = 0;
		};
/* End PBXSourcesBuildPhase section */

/* Begin XCBuildConfiguration section */
		E2837CCD19178FD20021B0DB /* Debug */ = {
			isa = XCBuildConfiguration;
			buildSettings = {
				ALWAYS_SEARCH_USER_PATHS = NO;
				CLANG_CXX_LANGUAGE_STANDARD = "gnu++0x";
				CLANG_CXX_LIBRARY = "libc++";
				CLANG_ENABLE_MODULES = YES;
				CLANG_ENABLE_OBJC_ARC = YES;
				CLANG_WARN_BOOL_CONVERSION = YES;
				CLANG_WARN_CONSTANT_CONVERSION = YES;
				CLANG_WARN_DIRECT_OBJC_ISA_USAGE = YES_ERROR;
				CLANG_WARN_EMPTY_BODY = YES;
				CLANG_WARN_ENUM_CONVERSION = YES;
				CLANG_WARN_INT_CONVERSION = YES;
				CLANG_WARN_OBJC_ROOT_CLASS = YES_ERROR;
				CLANG_WARN__DUPLICATE_METHOD_MATCH = YES;
				COPY_PHASE_STRIP = NO;
				GCC_C_LANGUAGE_STANDARD = gnu99;
				GCC_DYNAMIC_NO_PIC = NO;
				GCC_ENABLE_OBJC_EXCEPTIONS = YES;
				GCC_OPTIMIZATION_LEVEL = 0;
				GCC_PREPROCESSOR_DEFINITIONS = (
					"DEBUG=1",
					"$(inherited)",
				);
				GCC_SYMBOLS_PRIVATE_EXTERN = NO;
				GCC_WARN_64_TO_32_BIT_CONVERSION = YES;
				GCC_WARN_ABOUT_RETURN_TYPE = YES_ERROR;
				GCC_WARN_UNDECLARED_SELECTOR = YES;
				GCC_WARN_UNINITIALIZED_AUTOS = YES_AGGRESSIVE;
				GCC_WARN_UNUSED_FUNCTION = YES;
				GCC_WARN_UNUSED_VARIABLE = YES;
				MACOSX_DEPLOYMENT_TARGET = 10.9;
				ONLY_ACTIVE_ARCH = YES;
				SDKROOT = macosx;
			};
			name = Debug;
		};
		E2837CCE19178FD20021B0DB /* Release */ = {
			isa = XCBuildConfiguration;
			buildSettings = {
				ALWAYS_SEARCH_USER_PATHS = NO;
				CLANG_CXX_LANGUAGE_STANDARD = "gnu++0x";
				CLANG_CXX_LIBRARY = "libc++";
				CLANG_ENABLE_MODULES = YES;
				CLANG_ENABLE_OBJC_ARC = YES;
				CLANG_WARN_BOOL_CONVERSION = YES;
				CLANG_WARN_CONSTANT_CONVERSION = YES;
				CLANG_WARN_DIRECT_OBJC_ISA_USAGE = YES_ERROR;
				CLANG_WARN_EMPTY_BODY = YES;
				CLANG_WARN_ENUM_CONVERSION = YES;
				CLANG_WARN_INT_CONVERSION = YES;
				CLANG_WARN_OBJC_ROOT_CLASS = YES_ERROR;
				CLANG_WARN__DUPLICATE_METHOD_MATCH = YES;
				COPY_PHASE_STRIP = YES;
				DEBUG_INFORMATION_FORMAT = "dwarf-with-dsym";
				ENABLE_NS_ASSERTIONS = NO;
				GCC_C_LANGUAGE_STANDARD = gnu99;
				GCC_ENABLE_OBJC_EXCEPTIONS = YES;
				GCC_WARN_64_TO_32_BIT_CONVERSION = YES;
				GCC_WARN_ABOUT_RETURN_TYPE = YES_ERROR;
				GCC_WARN_UNDECLARED_SELECTOR = YES;
				GCC_WARN_UNINITIALIZED_AUTOS = YES_AGGRESSIVE;
				GCC_WARN_UNUSED_FUNCTION = YES;
				GCC_WARN_UNUSED_VARIABLE = YES;
				MACOSX_DEPLOYMENT_TARGET = 10.9;
				SDKROOT = macosx;
			};
			name = Release;
		};
		E2837CD019178FD20021B0DB /* Debug */ = {
			isa = XCBuildConfiguration;
			buildSettings = {
				PRODUCT_NAME = "$(TARGET_NAME)";
				STRINGS_FILE_OUTPUT_ENCODING = "UTF-8";
			};
			name = Debug;
		};
		E2837CD119178FD20021B0DB /* Release */ = {
			isa = XCBuildConfiguration;
			buildSettings = {
				PRODUCT_NAME = "$(TARGET_NAME)";
				STRINGS_FILE_OUTPUT_ENCODING = "UTF-8";
			};
			name = Release;
		};
/* End XCBuildConfiguration section */

/* Begin XCConfigurationList section */
		E2837CC119178FD20021B0DB /* Build configuration list for PBXProject "Assignment_3" */ = {
			isa = XCConfigurationList;
			buildConfigurations = (
				E2837CCD19178FD20021B0DB /* Debug */,
				E2837CCE19178FD20021B0DB /* Release */,
			);
			defaultConfigurationIsVisible = 0;
			defaultConfigurationName = Release;
		};
		E2837CCF19178FD20021B0DB /* Build configuration list for PBXNativeTarget "Assignment_3" */ = {
			isa = XCConfigurationList;
			buildConfigurations = (
				E2837CD019178FD20021B0DB /* Debug */,
				E2837CD119178FD20021B0DB /* Release */,
			);
			defaultConfigurationIsVisible = 0;
			defaultConfigurationName = Release;
		};
/* End XCConfigurationList section */
	};
	rootObject = E2837CBE19178FD20021B0DB /* Project object */;
}
